
Microsoft Visual Studio Solution File, Format Version 12.00
# Visual Studio Version 17
VisualStudioVersion = 17.8.34330.188
MinimumVisualStudioVersion = 10.0.40219.1
Project("{FAE04EC0-301F-11D3-BF4B-00C04F79EFBC}") = "MinimalApiTodoList", "MinimalApiTodoList.csproj", "{8329B8EB-9B3D-422F-9924-B4520808F8EB}"
EndProject
Project("{FAE04EC0-301F-11D3-BF4B-00C04F79EFBC}") = "TodoListMvc", "..\TodoListMvc\TodoListMvc.csproj", "{7CDC1FED-A69F-4EE9-AA7D-27CAD1EC5D02}"
EndProject
Global
	GlobalSection(SolutionConfigurationPlatforms) = preSolution
		Debug|Any CPU = Debug|Any CPU
		Release|Any CPU = Release|Any CPU
	EndGlobalSection
	GlobalSection(ProjectConfigurationPlatforms) = postSolution
		{8329B8EB-9B3D-422F-9924-B4520808F8EB}.Debug|Any CPU.ActiveCfg = Debug|Any CPU
		{8329B8EB-9B3D-422F-9924-B4520808F8EB}.Debug|Any CPU.Build.0 = Debug|Any CPU
		{8329B8EB-9B3D-422F-9924-B4520808F8EB}.Release|Any CPU.ActiveCfg = Release|Any CPU
		{8329B8EB-9B3D-422F-9924-B4520808F8EB}.Release|Any CPU.Build.0 = Release|Any CPU
		{7CDC1FED-A69F-4EE9-AA7D-27CAD1EC5D02}.Debug|Any CPU.ActiveCfg = Debug|Any CPU
		{7CDC1FED-A69F-4EE9-AA7D-27CAD1EC5D02}.Debug|Any CPU.Build.0 = Debug|Any CPU
		{7CDC1FED-A69F-4EE9-AA7D-27CAD1EC5D02}.Release|Any CPU.ActiveCfg = Release|Any CPU
		{7CDC1FED-A69F-4EE9-AA7D-27CAD1EC5D02}.Release|Any CPU.Build.0 = Release|Any CPU
	EndGlobalSection
	GlobalSection(SolutionProperties) = preSolution
		HideSolutionNode = FALSE
	EndGlobalSection
	GlobalSection(ExtensibilityGlobals) = postSolution
		SolutionGuid = {12F8D3BF-47B2-477D-97CE-7B4073C290FD}
	EndGlobalSection
EndGlobal
