
Microsoft Visual Studio Solution File, Format Version 12.00
# Visual Studio Version 17
VisualStudioVersion = 17.8.34330.188
MinimumVisualStudioVersion = 10.0.40219.1
Project("{FAE04EC0-301F-11D3-BF4B-00C04F79EFBC}") = "Cadastro Mvc", "Cadastro Mvc.csproj", "{87E6B0DF-BE19-41E4-8135-C913EF0E66CD}"
EndProject
Global
	GlobalSection(SolutionConfigurationPlatforms) = preSolution
		Debug|Any CPU = Debug|Any CPU
		Release|Any CPU = Release|Any CPU
	EndGlobalSection
	GlobalSection(ProjectConfigurationPlatforms) = postSolution
		{87E6B0DF-BE19-41E4-8135-C913EF0E66CD}.Debug|Any CPU.ActiveCfg = Debug|Any CPU
		{87E6B0DF-BE19-41E4-8135-C913EF0E66CD}.Debug|Any CPU.Build.0 = Debug|Any CPU
		{87E6B0DF-BE19-41E4-8135-C913EF0E66CD}.Release|Any CPU.ActiveCfg = Release|Any CPU
		{87E6B0DF-BE19-41E4-8135-C913EF0E66CD}.Release|Any CPU.Build.0 = Release|Any CPU
	EndGlobalSection
	GlobalSection(SolutionProperties) = preSolution
		HideSolutionNode = FALSE
	EndGlobalSection
	GlobalSection(ExtensibilityGlobals) = postSolution
		SolutionGuid = {0EBF196D-BD0F-4628-B245-9DB8A1D13FFD}
	EndGlobalSection
EndGlobal
